
Microsoft Visual Studio Solution File, Format Version 12.00
# Visual Studio 2013
VisualStudioVersion = 12.0.40629.0
MinimumVisualStudioVersion = 10.0.40219.1
Project("{FAE04EC0-301F-11D3-BF4B-00C04F79EFBC}") = "design-patterns", "design-patterns.csproj", "{D3EBA588-4BD3-4A23-8E50-7DCE301D4777}"
EndProject
Project("{FAE04EC0-301F-11D3-BF4B-00C04F79EFBC}") = "simple-strategy", "simple-strategy\simple-strategy.csproj", "{7B68350B-8D36-46D9-AC0D-3C8805CFDAE7}"
EndProject
Global
	GlobalSection(SolutionConfigurationPlatforms) = preSolution
		Debug|Any CPU = Debug|Any CPU
		Release|Any CPU = Release|Any CPU
	EndGlobalSection
	GlobalSection(ProjectConfigurationPlatforms) = postSolution
		{D3EBA588-4BD3-4A23-8E50-7DCE301D4777}.Debug|Any CPU.ActiveCfg = Debug|Any CPU
		{D3EBA588-4BD3-4A23-8E50-7DCE301D4777}.Debug|Any CPU.Build.0 = Debug|Any CPU
		{D3EBA588-4BD3-4A23-8E50-7DCE301D4777}.Release|Any CPU.ActiveCfg = Release|Any CPU
		{D3EBA588-4BD3-4A23-8E50-7DCE301D4777}.Release|Any CPU.Build.0 = Release|Any CPU
		{7B68350B-8D36-46D9-AC0D-3C8805CFDAE7}.Debug|Any CPU.ActiveCfg = Debug|Any CPU
		{7B68350B-8D36-46D9-AC0D-3C8805CFDAE7}.Debug|Any CPU.Build.0 = Debug|Any CPU
		{7B68350B-8D36-46D9-AC0D-3C8805CFDAE7}.Release|Any CPU.ActiveCfg = Release|Any CPU
		{7B68350B-8D36-46D9-AC0D-3C8805CFDAE7}.Release|Any CPU.Build.0 = Release|Any CPU
	EndGlobalSection
	GlobalSection(SolutionProperties) = preSolution
		HideSolutionNode = FALSE
	EndGlobalSection
EndGlobal
